
Microsoft Visual Studio Solution File, Format Version 12.00
# Visual Studio Version 16
VisualStudioVersion = 16.0.31321.278
MinimumVisualStudioVersion = 10.0.40219.1
Project("{FAE04EC0-301F-11D3-BF4B-00C04F79EFBC}") = "OrbDown", "OrbDown\OrbDown.csproj", "{D8D9F8E5-E05E-4FA0-962E-9295B6E272D6}"
EndProject
Global
	GlobalSection(SolutionConfigurationPlatforms) = preSolution
		Debug|Any CPU = Debug|Any CPU
		Release|Any CPU = Release|Any CPU
	EndGlobalSection
	GlobalSection(ProjectConfigurationPlatforms) = postSolution
		{D8D9F8E5-E05E-4FA0-962E-9295B6E272D6}.Debug|Any CPU.ActiveCfg = Debug|Any CPU
		{D8D9F8E5-E05E-4FA0-962E-9295B6E272D6}.Debug|Any CPU.Build.0 = Debug|Any CPU
		{D8D9F8E5-E05E-4FA0-962E-9295B6E272D6}.Release|Any CPU.ActiveCfg = Release|Any CPU
		{D8D9F8E5-E05E-4FA0-962E-9295B6E272D6}.Release|Any CPU.Build.0 = Release|Any CPU
	EndGlobalSection
	GlobalSection(SolutionProperties) = preSolution
		HideSolutionNode = FALSE
	EndGlobalSection
	GlobalSection(ExtensibilityGlobals) = postSolution
		SolutionGuid = {5E5D3EBC-3841-491D-BD34-37773AF5469C}
	EndGlobalSection
EndGlobal
